// !$*UTF8*$!
{
	archiveVersion = 1;
	classes = {
	};
	objectVersion = 77;
	objects = {

/* Begin PBXBuildFile section */
		EA1C175C2FDC4B86005DE919 /* DataPoint.swift in Sources */ = {isa = PBXBuildFile; fileRef = EA1C175B2FDC4B86005DE919 /* DataPoint.swift */; };
		EA1C175F2FDC4C23005DE919 /* DatasetLoader.swift in Sources */ = {isa = PBXBuildFile; fileRef = EA1C175E2FDC4C23005DE919 /* DatasetLoader.swift */; };
		EA1C17612FDC4D20005DE919 /* PipelineViewModel.swift in Sources */ = {isa = PBXBuildFile; fileRef = EA1C17602FDC4D20005DE919 /* PipelineViewModel.swift */; };
		EA1C17632FDD0FB6005DE919 /* dataset.csv in Resources */ = {isa = PBXBuildFile; fileRef = EA1C17622FDD0FB6005DE919 /* dataset.csv */; };
		EA1C17652FDD109B005DE919 /* NLPProcessor.swift in Sources */ = {isa = PBXBuildFile; fileRef = EA1C17642FDD109B005DE919 /* NLPProcessor.swift */; };
		EA1C17672FDD122F005DE919 /* MatrixMath.swift in Sources */ = {isa = PBXBuildFile; fileRef = EA1C17662FDD122F005DE919 /* MatrixMath.swift */; };
		EAF34CED2FDC3FF10040FD70 /* ContentView.swift in Sources */ = {isa = PBXBuildFile; fileRef = EAF34CEC2FDC3FF10040FD70 /* ContentView.swift */; };
/* End PBXBuildFile section */

/* Begin PBXFileReference section */
		EA1C175B2FDC4B86005DE919 /* DataPoint.swift */ = {isa = PBXFileReference; lastKnownFileType = sourcecode.swift; path = DataPoint.swift; sourceTree = "<group>"; };
		EA1C175E2FDC4C23005DE919 /* DatasetLoader.swift */ = {isa = PBXFileReference; lastKnownFileType = sourcecode.swift; path = DatasetLoader.swift; sourceTree = "<group>"; };
		EA1C17602FDC4D20005DE919 /* PipelineViewModel.swift */ = {isa = PBXFileReference; lastKnownFileType = sourcecode.swift; path = PipelineViewModel.swift; sourceTree = "<group>"; };
		EA1C17622FDD0FB6005DE919 /* dataset.csv */ = {isa = PBXFileReference; lastKnownFileType = text; path = dataset.csv; sourceTree = "<group>"; };
		EA1C17642FDD109B005DE919 /* NLPProcessor.swift */ = {isa = PBXFileReference; lastKnownFileType = sourcecode.swift; path = NLPProcessor.swift; sourceTree = "<group>"; };
		EA1C17662FDD122F005DE919 /* MatrixMath.swift */ = {isa = PBXFileReference; lastKnownFileType = sourcecode.swift; path = MatrixMath.swift; sourceTree = "<group>"; };
		EAF34CE72FDC3FF10040FD70 /* VisualML.app */ = {isa = PBXFileReference; explicitFileType = wrapper.application; includeInIndex = 0; path = VisualML.app; sourceTree = BUILT_PRODUCTS_DIR; };
		EAF34CEC2FDC3FF10040FD70 /* ContentView.swift */ = {isa = PBXFileReference; lastKnownFileType = sourcecode.swift; path = ContentView.swift; sourceTree = "<group>"; };
/* End PBXFileReference section */

/* Begin PBXFileSystemSynchronizedRootGroup section */
		EAF34CE92FDC3FF10040FD70 /* VisualML */ = {
			isa = PBXFileSystemSynchronizedRootGroup;
			path = VisualML;
			sourceTree = "<group>";
		};
/* End PBXFileSystemSynchronizedRootGroup section */

/* Begin PBXFrameworksBuildPhase section */
		EAF34CE42FDC3FF10040FD70 /* Frameworks */ = {
			isa = PBXFrameworksBuildPhase;
			buildActionMask = 2147483647;
			files = (
			);
			runOnlyForDeploymentPostprocessing = 0;
		};
/* End PBXFrameworksBuildPhase section */

/* Begin PBXGroup section */
		EAF34CDE2FDC3FF10040FD70 = {
			isa = PBXGroup;
			children = (
				EAF34CF82FDC47F80040FD70 /* Services */,
				EAF34CF72FDC47F30040FD70 /* Views */,
				EAF34CF62FDC47EC0040FD70 /* ViewModels */,
				EAF34CF52FDC47D90040FD70 /* Models */,
				EAF34CE92FDC3FF10040FD70 /* VisualML */,
				EAF34CE82FDC3FF10040FD70 /* Products */,
			);
			sourceTree = "<group>";
		};
		EAF34CE82FDC3FF10040FD70 /* Products */ = {
			isa = PBXGroup;
			children = (
				EAF34CE72FDC3FF10040FD70 /* VisualML.app */,
			);
			name = Products;
			sourceTree = "<group>";
		};
		EAF34CF52FDC47D90040FD70 /* Models */ = {
			isa = PBXGroup;
			children = (
				EA1C175B2FDC4B86005DE919 /* DataPoint.swift */,
				EA1C17622FDD0FB6005DE919 /* dataset.csv */,
			);
			path = Models;
			sourceTree = "<group>";
		};
		EAF34CF62FDC47EC0040FD70 /* ViewModels */ = {
			isa = PBXGroup;
			children = (
				EA1C17602FDC4D20005DE919 /* PipelineViewModel.swift */,
			);
			path = ViewModels;
			sourceTree = "<group>";
		};
		EAF34CF72FDC47F30040FD70 /* Views */ = {
			isa = PBXGroup;
			children = (
				EAF34CEC2FDC3FF10040FD70 /* ContentView.swift */,
			);
			path = Views;
			sourceTree = "<group>";
		};
		EAF34CF82FDC47F80040FD70 /* Services */ = {
			isa = PBXGroup;
			children = (
				EA1C175E2FDC4C23005DE919 /* DatasetLoader.swift */,
				EA1C17642FDD109B005DE919 /* NLPProcessor.swift */,
				EA1C17662FDD122F005DE919 /* MatrixMath.swift */,
			);
			path = Services;
			sourceTree = "<group>";
		};
/* End PBXGroup section */

/* Begin PBXNativeTarget section */
		EAF34CE62FDC3FF10040FD70 /* VisualML */ = {
			isa = PBXNativeTarget;
			buildConfigurationList = EAF34CF22FDC3FF40040FD70 /* Build configuration list for PBXNativeTarget "VisualML" */;
			buildPhases = (
				EAF34CE32FDC3FF10040FD70 /* Sources */,
				EAF34CE42FDC3FF10040FD70 /* Frameworks */,
				EAF34CE52FDC3FF10040FD70 /* Resources */,
			);
			buildRules = (
			);
			dependencies = (
			);
			fileSystemSynchronizedGroups = (
				EAF34CE92FDC3FF10040FD70 /* VisualML */,
			);
			name = VisualML;
			packageProductDependencies = (
			);
			productName = VisualML;
			productReference = EAF34CE72FDC3FF10040FD70 /* VisualML.app */;
			productType = "com.apple.product-type.application";
		};
/* End PBXNativeTarget section */

/* Begin PBXProject section */
		EAF34CDF2FDC3FF10040FD70 /* Project object */ = {
			isa = PBXProject;
			attributes = {
				BuildIndependentTargetsInParallel = 1;
				LastSwiftUpdateCheck = 2650;
				LastUpgradeCheck = 2650;
				TargetAttributes = {
					EAF34CE62FDC3FF10040FD70 = {
						CreatedOnToolsVersion = 26.5;
					};
				};
			};
			buildConfigurationList = EAF34CE22FDC3FF10040FD70 /* Build configuration list for PBXProject "VisualML" */;
			developmentRegion = en;
			hasScannedForEncodings = 0;
			knownRegions = (
				en,
				Base,
			);
			mainGroup = EAF34CDE2FDC3FF10040FD70;
			minimizedProjectReferenceProxies = 1;
			preferredProjectObjectVersion = 77;
			productRefGroup = EAF34CE82FDC3FF10040FD70 /* Products */;
			projectDirPath = "";
			projectRoot = "";
			targets = (
				EAF34CE62FDC3FF10040FD70 /* VisualML */,
			);
		};
/* End PBXProject section */

/* Begin PBXResourcesBuildPhase section */
		EAF34CE52FDC3FF10040FD70 /* Resources */ = {
			isa = PBXResourcesBuildPhase;
			buildActionMask = 2147483647;
			files = (
				EA1C17632FDD0FB6005DE919 /* dataset.csv in Resources */,
			);
			runOnlyForDeploymentPostprocessing = 0;
		};
/* End PBXResourcesBuildPhase section */

/* Begin PBXSourcesBuildPhase section */
		EAF34CE32FDC3FF10040FD70 /* Sources */ = {
			isa = PBXSourcesBuildPhase;
			buildActionMask = 2147483647;
			files = (
				EA1C17672FDD122F005DE919 /* MatrixMath.swift in Sources */,
				EA1C175C2FDC4B86005DE919 /* DataPoint.swift in Sources */,
				EAF34CED2FDC3FF10040FD70 /* ContentView.swift in Sources */,
				EA1C175F2FDC4C23005DE919 /* DatasetLoader.swift in Sources */,
				EA1C17612FDC4D20005DE919 /* PipelineViewModel.swift in Sources */,
				EA1C17652FDD109B005DE919 /* NLPProcessor.swift in Sources */,
			);
			runOnlyForDeploymentPostprocessing = 0;
		};
/* End PBXSourcesBuildPhase section */

/* Begin XCBuildConfiguration section */
		EAF34CF02FDC3FF40040FD70 /* Debug */ = {
			isa = XCBuildConfiguration;
			buildSettings = {
				ALWAYS_SEARCH_USER_PATHS = NO;
				ASSETCATALOG_COMPILER_GENERATE_SWIFT_ASSET_SYMBOL_EXTENSIONS = YES;
				CLANG_ANALYZER_NONNULL = YES;
				CLANG_ANALYZER_NUMBER_OBJECT_CONVERSION = YES_AGGRESSIVE;
				CLANG_CXX_LANGUAGE_STANDARD = "gnu++20";
				CLANG_ENABLE_MODULES = YES;
				CLANG_ENABLE_OBJC_ARC = YES;
				CLANG_ENABLE_OBJC_WEAK = YES;
				CLANG_WARN_BLOCK_CAPTURE_AUTORELEASING = YES;
				CLANG_WARN_BOOL_CONVERSION = YES;
				CLANG_WARN_COMMA = YES;
				CLANG_WARN_CONSTANT_CONVERSION = YES;
				CLANG_WARN_DEPRECATED_OBJC_IMPLEMENTATIONS = YES;
				CLANG_WARN_DIRECT_OBJC_ISA_USAGE = YES_ERROR;
				CLANG_WARN_DOCUMENTATION_COMMENTS = YES;
				CLANG_WARN_EMPTY_BODY = YES;
				CLANG_WARN_ENUM_CONVERSION = YES;
				CLANG_WARN_INFINITE_RECURSION = YES;
				CLANG_WARN_INT_CONVERSION = YES;
				CLANG_WARN_NON_LITERAL_NULL_CONVERSION = YES;
				CLANG_WARN_OBJC_IMPLICIT_RETAIN_SELF = YES;
				CLANG_WARN_OBJC_LITERAL_CONVERSION = YES;
				CLANG_WARN_OBJC_ROOT_CLASS = YES_ERROR;
				CLANG_WARN_QUOTED_INCLUDE_IN_FRAMEWORK_HEADER = YES;
				CLANG_WARN_RANGE_LOOP_ANALYSIS = YES;
				CLANG_WARN_STRICT_PROTOTYPES = YES;
				CLANG_WARN_SUSPICIOUS_MOVE = YES;
				CLANG_WARN_UNGUARDED_AVAILABILITY = YES_AGGRESSIVE;
				CLANG_WARN_UNREACHABLE_CODE = YES;
				CLANG_WARN__DUPLICATE_METHOD_MATCH = YES;
				COPY_PHASE_STRIP = NO;
				DEBUG_INFORMATION_FORMAT = dwarf;
				ENABLE_STRICT_OBJC_MSGSEND = YES;
				ENABLE_TESTABILITY = YES;
				ENABLE_USER_SCRIPT_SANDBOXING = YES;
				GCC_C_LANGUAGE_STANDARD = gnu17;
				GCC_DYNAMIC_NO_PIC = NO;
				GCC_NO_COMMON_BLOCKS = YES;
				GCC_OPTIMIZATION_LEVEL = 0;
				GCC_PREPROCESSOR_DEFINITIONS = (
					"DEBUG=1",
					"$(inherited)",
				);
				GCC_WARN_64_TO_32_BIT_CONVERSION = YES;
				GCC_WARN_ABOUT_RETURN_TYPE = YES_ERROR;
				GCC_WARN_UNDECLARED_SELECTOR = YES;
				GCC_WARN_UNINITIALIZED_AUTOS = YES_AGGRESSIVE;
				GCC_WARN_UNUSED_FUNCTION = YES;
				GCC_WARN_UNUSED_VARIABLE = YES;
				IPHONEOS_DEPLOYMENT_TARGET = 26.5;
				LOCALIZATION_PREFERS_STRING_CATALOGS = YES;
				MTL_ENABLE_DEBUG_INFO = INCLUDE_SOURCE;
				MTL_FAST_MATH = YES;
				ONLY_ACTIVE_ARCH = YES;
				SDKROOT = iphoneos;
				SWIFT_ACTIVE_COMPILATION_CONDITIONS = "DEBUG $(inherited)";
				SWIFT_OPTIMIZATION_LEVEL = "-Onone";
			};
			name = Debug;
		};
		EAF34CF12FDC3FF40040FD70 /* Release */ = {
			isa = XCBuildConfiguration;
			buildSettings = {
				ALWAYS_SEARCH_USER_PATHS = NO;
				ASSETCATALOG_COMPILER_GENERATE_SWIFT_ASSET_SYMBOL_EXTENSIONS = YES;
				CLANG_ANALYZER_NONNULL = YES;
				CLANG_ANALYZER_NUMBER_OBJECT_CONVERSION = YES_AGGRESSIVE;
				CLANG_CXX_LANGUAGE_STANDARD = "gnu++20";
				CLANG_ENABLE_MODULES = YES;
				CLANG_ENABLE_OBJC_ARC = YES;
				CLANG_ENABLE_OBJC_WEAK = YES;
				CLANG_WARN_BLOCK_CAPTURE_AUTORELEASING = YES;
				CLANG_WARN_BOOL_CONVERSION = YES;
				CLANG_WARN_COMMA = YES;
				CLANG_WARN_CONSTANT_CONVERSION = YES;
				CLANG_WARN_DEPRECATED_OBJC_IMPLEMENTATIONS = YES;
				CLANG_WARN_DIRECT_OBJC_ISA_USAGE = YES_ERROR;
				CLANG_WARN_DOCUMENTATION_COMMENTS = YES;
				CLANG_WARN_EMPTY_BODY = YES;
				CLANG_WARN_ENUM_CONVERSION = YES;
				CLANG_WARN_INFINITE_RECURSION = YES;
				CLANG_WARN_INT_CONVERSION = YES;
				CLANG_WARN_NON_LITERAL_NULL_CONVERSION = YES;
				CLANG_WARN_OBJC_IMPLICIT_RETAIN_SELF = YES;
				CLANG_WARN_OBJC_LITERAL_CONVERSION = YES;
				CLANG_WARN_OBJC_ROOT_CLASS = YES_ERROR;
				CLANG_WARN_QUOTED_INCLUDE_IN_FRAMEWORK_HEADER = YES;
				CLANG_WARN_RANGE_LOOP_ANALYSIS = YES;
				CLANG_WARN_STRICT_PROTOTYPES = YES;
				CLANG_WARN_SUSPICIOUS_MOVE = YES;
				CLANG_WARN_UNGUARDED_AVAILABILITY = YES_AGGRESSIVE;
				CLANG_WARN_UNREACHABLE_CODE = YES;
				CLANG_WARN__DUPLICATE_METHOD_MATCH = YES;
				COPY_PHASE_STRIP = NO;
				DEBUG_INFORMATION_FORMAT = "dwarf-with-dsym";
				ENABLE_NS_ASSERTIONS = NO;
				ENABLE_STRICT_OBJC_MSGSEND = YES;
				ENABLE_USER_SCRIPT_SANDBOXING = YES;
				GCC_C_LANGUAGE_STANDARD = gnu17;
				GCC_NO_COMMON_BLOCKS = YES;
				GCC_WARN_64_TO_32_BIT_CONVERSION = YES;
				GCC_WARN_ABOUT_RETURN_TYPE = YES_ERROR;
				GCC_WARN_UNDECLARED_SELECTOR = YES;
				GCC_WARN_UNINITIALIZED_AUTOS = YES_AGGRESSIVE;
				GCC_WARN_UNUSED_FUNCTION = YES;
				GCC_WARN_UNUSED_VARIABLE = YES;
				IPHONEOS_DEPLOYMENT_TARGET = 26.5;
				LOCALIZATION_PREFERS_STRING_CATALOGS = YES;
				MTL_ENABLE_DEBUG_INFO = NO;
				MTL_FAST_MATH = YES;
				SDKROOT = iphoneos;
				SWIFT_COMPILATION_MODE = wholemodule;
				VALIDATE_PRODUCT = YES;
			};
			name = Release;
		};
		EAF34CF32FDC3FF40040FD70 /* Debug */ = {
			isa = XCBuildConfiguration;
			buildSettings = {
				ASSETCATALOG_COMPILER_APPICON_NAME = AppIcon;
				ASSETCATALOG_COMPILER_GLOBAL_ACCENT_COLOR_NAME = AccentColor;
				CODE_SIGN_STYLE = Automatic;
				CURRENT_PROJECT_VERSION = 1;
				DEVELOPMENT_TEAM = 692WPC9M7Z;
				ENABLE_PREVIEWS = YES;
				GENERATE_INFOPLIST_FILE = YES;
				INFOPLIST_KEY_UIApplicationSceneManifest_Generation = YES;
				INFOPLIST_KEY_UIApplicationSupportsIndirectInputEvents = YES;
				INFOPLIST_KEY_UILaunchScreen_Generation = YES;
				INFOPLIST_KEY_UISupportedInterfaceOrientations_iPad = "UIInterfaceOrientationPortrait UIInterfaceOrientationPortraitUpsideDown UIInterfaceOrientationLandscapeLeft UIInterfaceOrientationLandscapeRight";
				INFOPLIST_KEY_UISupportedInterfaceOrientations_iPhone = "UIInterfaceOrientationPortrait UIInterfaceOrientationLandscapeLeft UIInterfaceOrientationLandscapeRight";
				LD_RUNPATH_SEARCH_PATHS = (
					"$(inherited)",
					"@executable_path/Frameworks",
				);
				MARKETING_VERSION = 1.0;
				PRODUCT_BUNDLE_IDENTIFIER = com.nabil.VisualML;
				PRODUCT_NAME = "$(TARGET_NAME)";
				STRING_CATALOG_GENERATE_SYMBOLS = YES;
				SWIFT_APPROACHABLE_CONCURRENCY = YES;
				SWIFT_DEFAULT_ACTOR_ISOLATION = MainActor;
				SWIFT_EMIT_LOC_STRINGS = YES;
				SWIFT_UPCOMING_FEATURE_MEMBER_IMPORT_VISIBILITY = YES;
				SWIFT_VERSION = 5.0;
				TARGETED_DEVICE_FAMILY = "1,2";
			};
			name = Debug;
		};
		EAF34CF42FDC3FF40040FD70 /* Release */ = {
			isa = XCBuildConfiguration;
			buildSettings = {
				ASSETCATALOG_COMPILER_APPICON_NAME = AppIcon;
				ASSETCATALOG_COMPILER_GLOBAL_ACCENT_COLOR_NAME = AccentColor;
				CODE_SIGN_STYLE = Automatic;
				CURRENT_PROJECT_VERSION = 1;
				DEVELOPMENT_TEAM = 692WPC9M7Z;
				ENABLE_PREVIEWS = YES;
				GENERATE_INFOPLIST_FILE = YES;
				INFOPLIST_KEY_UIApplicationSceneManifest_Generation = YES;
				INFOPLIST_KEY_UIApplicationSupportsIndirectInputEvents = YES;
				INFOPLIST_KEY_UILaunchScreen_Generation = YES;
				INFOPLIST_KEY_UISupportedInterfaceOrientations_iPad = "UIInterfaceOrientationPortrait UIInterfaceOrientationPortraitUpsideDown UIInterfaceOrientationLandscapeLeft UIInterfaceOrientationLandscapeRight";
				INFOPLIST_KEY_UISupportedInterfaceOrientations_iPhone = "UIInterfaceOrientationPortrait UIInterfaceOrientationLandscapeLeft UIInterfaceOrientationLandscapeRight";
				LD_RUNPATH_SEARCH_PATHS = (
					"$(inherited)",
					"@executable_path/Frameworks",
				);
				MARKETING_VERSION = 1.0;
				PRODUCT_BUNDLE_IDENTIFIER = com.nabil.VisualML;
				PRODUCT_NAME = "$(TARGET_NAME)";
				STRING_CATALOG_GENERATE_SYMBOLS = YES;
				SWIFT_APPROACHABLE_CONCURRENCY = YES;
				SWIFT_DEFAULT_ACTOR_ISOLATION = MainActor;
				SWIFT_EMIT_LOC_STRINGS = YES;
				SWIFT_UPCOMING_FEATURE_MEMBER_IMPORT_VISIBILITY = YES;
				SWIFT_VERSION = 5.0;
				TARGETED_DEVICE_FAMILY = "1,2";
			};
			name = Release;
		};
/* End XCBuildConfiguration section */

/* Begin XCConfigurationList section */
		EAF34CE22FDC3FF10040FD70 /* Build configuration list for PBXProject "VisualML" */ = {
			isa = XCConfigurationList;
			buildConfigurations = (
				EAF34CF02FDC3FF40040FD70 /* Debug */,
				EAF34CF12FDC3FF40040FD70 /* Release */,
			);
			defaultConfigurationIsVisible = 0;
			defaultConfigurationName = Release;
		};
		EAF34CF22FDC3FF40040FD70 /* Build configuration list for PBXNativeTarget "VisualML" */ = {
			isa = XCConfigurationList;
			buildConfigurations = (
				EAF34CF32FDC3FF40040FD70 /* Debug */,
				EAF34CF42FDC3FF40040FD70 /* Release */,
			);
			defaultConfigurationIsVisible = 0;
			defaultConfigurationName = Release;
		};
/* End XCConfigurationList section */
	};
	rootObject = EAF34CDF2FDC3FF10040FD70 /* Project object */;
}
